{
  "nodes": {
    "home-manager": {
      "inputs": {
        "nixpkgs": [
          "nixpkgs"
        ],
        "utils": "utils"
      },
      "locked": {
        "lastModified": 1671966569,
        "narHash": "sha256-jbLgfSnmLchARBNFRvCic63CFQ9LAyvlXnBpc2kwjQc=",
        "owner": "nix-community",
        "repo": "home-manager",
        "rev": "c55fa26ce05fee8e063db22918d05a73d430b2ea",
        "type": "github"
      },
      "original": {
        "owner": "nix-community",
        "repo": "home-manager",
        "type": "github"
      }
    },
    "nixpkgs": {
      "locked": {
        "lastModified": 1671813978,
        "narHash": "sha256-oo4we+9IO1D+QS1mOSNh08l9ABDPWLyqvNC0DD0QtZM=",
        "owner": "NixOS",
        "repo": "nixpkgs",
        "rev": "79e63f30ed2ff36cd0d9c2f7dadae5925c1a65db",
        "type": "github"
      },
      "original": {
        "id": "nixpkgs",
        "ref": "nixos-22.05",
        "type": "indirect"
      }
    },
    "root": {
      "inputs": {
        "home-manager": "home-manager",
        "nixpkgs": "nixpkgs",
        "secrets": "secrets"
      }
    },
    "secrets": {
      "flake": false,
      "locked": {
        "lastModified": 1655775104,
        "narHash": "sha256-I2GZN1iOcsa3SpJqft8P38Zaw1aArUM1QxsnfdeOmwE=",
        "ref": "main",
        "rev": "d10522f4b25b6802222aa6377a6d13a22e8c6edd",
        "revCount": 22,
        "type": "git",
        "url": "ssh://git@github.com/sworne/sec.git"
      },
      "original": {
        "ref": "main",
        "type": "git",
        "url": "ssh://git@github.com/sworne/sec.git"
      }
    },
    "utils": {
      "locked": {
        "lastModified": 1667395993,
        "narHash": "sha256-nuEHfE/LcWyuSWnS8t12N1wc105Qtau+/OdUAjtQ0rA=",
        "owner": "numtide",
        "repo": "flake-utils",
        "rev": "5aed5285a952e0b949eb3ba02c12fa4fcfef535f",
        "type": "github"
      },
      "original": {
        "owner": "numtide",
        "repo": "flake-utils",
        "type": "github"
      }
    }
  },
  "root": "root",
  "version": 7
}
